
Microsoft Visual Studio Solution File, Format Version 12.00
# Visual Studio Version 17
VisualStudioVersion = 17.6.33723.286
MinimumVisualStudioVersion = 10.0.40219.1
Project("{FAE04EC0-301F-11D3-BF4B-00C04F79EFBC}") = "Sending", "Sending\Sending.csproj", "{A5BB0992-0ED6-4707-BA2C-C6B8CF86FD10}"
EndProject
Global
	GlobalSection(SolutionConfigurationPlatforms) = preSolution
		Debug|Any CPU = Debug|Any CPU
		Debug|ARM64 = Debug|ARM64
		Release|Any CPU = Release|Any CPU
		Release|ARM64 = Release|ARM64
	EndGlobalSection
	GlobalSection(ProjectConfigurationPlatforms) = postSolution
		{A5BB0992-0ED6-4707-BA2C-C6B8CF86FD10}.Debug|Any CPU.ActiveCfg = Debug|Any CPU
		{A5BB0992-0ED6-4707-BA2C-C6B8CF86FD10}.Debug|Any CPU.Build.0 = Debug|Any CPU
		{A5BB0992-0ED6-4707-BA2C-C6B8CF86FD10}.Debug|ARM64.ActiveCfg = Debug|ARM64
		{A5BB0992-0ED6-4707-BA2C-C6B8CF86FD10}.Debug|ARM64.Build.0 = Debug|ARM64
		{A5BB0992-0ED6-4707-BA2C-C6B8CF86FD10}.Release|Any CPU.ActiveCfg = Release|Any CPU
		{A5BB0992-0ED6-4707-BA2C-C6B8CF86FD10}.Release|Any CPU.Build.0 = Release|Any CPU
		{A5BB0992-0ED6-4707-BA2C-C6B8CF86FD10}.Release|ARM64.ActiveCfg = Release|ARM64
		{A5BB0992-0ED6-4707-BA2C-C6B8CF86FD10}.Release|ARM64.Build.0 = Release|ARM64
	EndGlobalSection
	GlobalSection(SolutionProperties) = preSolution
		HideSolutionNode = FALSE
	EndGlobalSection
	GlobalSection(ExtensibilityGlobals) = postSolution
		SolutionGuid = {2D3890A4-3B2B-4426-A411-74FC85F2A53A}
	EndGlobalSection
EndGlobal
